// !$*UTF8*$!
{
	archiveVersion = 1;
	classes = {
	};
	objectVersion = 50;
	objects = {

/* Begin PBXBuildFile section */
		F6EDC49824C80F1800A211EF /* AppDelegate.swift in Sources */ = {isa = PBXBuildFile; fileRef = F6EDC49724C80F1800A211EF /* AppDelegate.swift */; };
		F6EDC49A24C80F1800A211EF /* SceneDelegate.swift in Sources */ = {isa = PBXBuildFile; fileRef = F6EDC49924C80F1800A211EF /* SceneDelegate.swift */; };
		F6EDC49C24C80F1800A211EF /* ViewController.swift in Sources */ = {isa = PBXBuildFile; fileRef = F6EDC49B24C80F1800A211EF /* ViewController.swift */; };
		F6EDC49F24C80F1800A211EF /* Main.storyboard in Resources */ = {isa = PBXBuildFile; fileRef = F6EDC49D24C80F1800A211EF /* Main.storyboard */; };
		F6EDC4A124C80F1A00A211EF /* Assets.xcassets in Resources */ = {isa = PBXBuildFile; fileRef = F6EDC4A024C80F1A00A211EF /* Assets.xcassets */; };
		F6EDC4A424C80F1A00A211EF /* LaunchScreen.storyboard in Resources */ = {isa = PBXBuildFile; fileRef = F6EDC4A224C80F1A00A211EF /* LaunchScreen.storyboard */; };
		F6EDC4B324C81C1200A211EF /* A.wav in Resources */ = {isa = PBXBuildFile; fileRef = F6EDC4AC24C81C1200A211EF /* A.wav */; };
		F6EDC4B424C81C1200A211EF /* C.wav in Resources */ = {isa = PBXBuildFile; fileRef = F6EDC4AD24C81C1200A211EF /* C.wav */; };
		F6EDC4B524C81C1200A211EF /* B.wav in Resources */ = {isa = PBXBuildFile; fileRef = F6EDC4AE24C81C1200A211EF /* B.wav */; };
		F6EDC4B624C81C1200A211EF /* F.wav in Resources */ = {isa = PBXBuildFile; fileRef = F6EDC4AF24C81C1200A211EF /* F.wav */; };
		F6EDC4B724C81C1200A211EF /* G.wav in Resources */ = {isa = PBXBuildFile; fileRef = F6EDC4B024C81C1200A211EF /* G.wav */; };
		F6EDC4B824C81C1200A211EF /* E.wav in Resources */ = {isa = PBXBuildFile; fileRef = F6EDC4B124C81C1200A211EF /* E.wav */; };
		F6EDC4B924C81C1200A211EF /* D.wav in Resources */ = {isa = PBXBuildFile; fileRef = F6EDC4B224C81C1200A211EF /* D.wav */; };
/* End PBXBuildFile section */

/* Begin PBXFileReference section */
		F6EDC49424C80F1800A211EF /* Piano.app */ = {isa = PBXFileReference; explicitFileType = wrapper.application; includeInIndex = 0; path = Piano.app; sourceTree = BUILT_PRODUCTS_DIR; };
		F6EDC49724C80F1800A211EF /* AppDelegate.swift */ = {isa = PBXFileReference; lastKnownFileType = sourcecode.swift; path = AppDelegate.swift; sourceTree = "<group>"; };
		F6EDC49924C80F1800A211EF /* SceneDelegate.swift */ = {isa = PBXFileReference; lastKnownFileType = sourcecode.swift; path = SceneDelegate.swift; sourceTree = "<group>"; };
		F6EDC49B24C80F1800A211EF /* ViewController.swift */ = {isa = PBXFileReference; lastKnownFileType = sourcecode.swift; path = ViewController.swift; sourceTree = "<group>"; };
		F6EDC49E24C80F1800A211EF /* Base */ = {isa = PBXFileReference; lastKnownFileType = file.storyboard; name = Base; path = Base.lproj/Main.storyboard; sourceTree = "<group>"; };
		F6EDC4A024C80F1A00A211EF /* Assets.xcassets */ = {isa = PBXFileReference; lastKnownFileType = folder.assetcatalog; path = Assets.xcassets; sourceTree = "<group>"; };
		F6EDC4A324C80F1A00A211EF /* Base */ = {isa = PBXFileReference; lastKnownFileType = file.storyboard; name = Base; path = Base.lproj/LaunchScreen.storyboard; sourceTree = "<group>"; };
		F6EDC4A524C80F1A00A211EF /* Info.plist */ = {isa = PBXFileReference; lastKnownFileType = text.plist.xml; path = Info.plist; sourceTree = "<group>"; };
		F6EDC4AC24C81C1200A211EF /* A.wav */ = {isa = PBXFileReference; lastKnownFileType = audio.wav; path = A.wav; sourceTree = "<group>"; };
		F6EDC4AD24C81C1200A211EF /* C.wav */ = {isa = PBXFileReference; lastKnownFileType = audio.wav; path = C.wav; sourceTree = "<group>"; };
		F6EDC4AE24C81C1200A211EF /* B.wav */ = {isa = PBXFileReference; lastKnownFileType = audio.wav; path = B.wav; sourceTree = "<group>"; };
		F6EDC4AF24C81C1200A211EF /* F.wav */ = {isa = PBXFileReference; lastKnownFileType = audio.wav; path = F.wav; sourceTree = "<group>"; };
		F6EDC4B024C81C1200A211EF /* G.wav */ = {isa = PBXFileReference; lastKnownFileType = audio.wav; path = G.wav; sourceTree = "<group>"; };
		F6EDC4B124C81C1200A211EF /* E.wav */ = {isa = PBXFileReference; lastKnownFileType = audio.wav; path = E.wav; sourceTree = "<group>"; };
		F6EDC4B224C81C1200A211EF /* D.wav */ = {isa = PBXFileReference; lastKnownFileType = audio.wav; path = D.wav; sourceTree = "<group>"; };
/* End PBXFileReference section */

/* Begin PBXFrameworksBuildPhase section */
		F6EDC49124C80F1800A211EF /* Frameworks */ = {
			isa = PBXFrameworksBuildPhase;
			buildActionMask = 2147483647;
			files = (
			);
			runOnlyForDeploymentPostprocessing = 0;
		};
/* End PBXFrameworksBuildPhase section */

/* Begin PBXGroup section */
		F6EDC48B24C80F1800A211EF = {
			isa = PBXGroup;
			children = (
				F6EDC49624C80F1800A211EF /* Piano */,
				F6EDC49524C80F1800A211EF /* Products */,
			);
			sourceTree = "<group>";
		};
		F6EDC49524C80F1800A211EF /* Products */ = {
			isa = PBXGroup;
			children = (
				F6EDC49424C80F1800A211EF /* Piano.app */,
			);
			name = Products;
			sourceTree = "<group>";
		};
		F6EDC49624C80F1800A211EF /* Piano */ = {
			isa = PBXGroup;
			children = (
				F6EDC49724C80F1800A211EF /* AppDelegate.swift */,
				F6EDC49924C80F1800A211EF /* SceneDelegate.swift */,
				F6EDC49B24C80F1800A211EF /* ViewController.swift */,
				F6EDC49D24C80F1800A211EF /* Main.storyboard */,
				F6EDC4A024C80F1A00A211EF /* Assets.xcassets */,
				F6EDC4A224C80F1A00A211EF /* LaunchScreen.storyboard */,
				F6EDC4A524C80F1A00A211EF /* Info.plist */,
				F6EDC4AB24C81C1200A211EF /* Sounds */,
			);
			path = Piano;
			sourceTree = "<group>";
		};
		F6EDC4AB24C81C1200A211EF /* Sounds */ = {
			isa = PBXGroup;
			children = (
				F6EDC4AC24C81C1200A211EF /* A.wav */,
				F6EDC4AD24C81C1200A211EF /* C.wav */,
				F6EDC4AE24C81C1200A211EF /* B.wav */,
				F6EDC4AF24C81C1200A211EF /* F.wav */,
				F6EDC4B024C81C1200A211EF /* G.wav */,
				F6EDC4B124C81C1200A211EF /* E.wav */,
				F6EDC4B224C81C1200A211EF /* D.wav */,
			);
			path = Sounds;
			sourceTree = "<group>";
		};
/* End PBXGroup section */

/* Begin PBXNativeTarget section */
		F6EDC49324C80F1800A211EF /* Piano */ = {
			isa = PBXNativeTarget;
			buildConfigurationList = F6EDC4A824C80F1A00A211EF /* Build configuration list for PBXNativeTarget "Piano" */;
			buildPhases = (
				F6EDC49024C80F1800A211EF /* Sources */,
				F6EDC49124C80F1800A211EF /* Frameworks */,
				F6EDC49224C80F1800A211EF /* Resources */,
			);
			buildRules = (
			);
			dependencies = (
			);
			name = Piano;
			productName = Piano;
			productReference = F6EDC49424C80F1800A211EF /* Piano.app */;
			productType = "com.apple.product-type.application";
		};
/* End PBXNativeTarget section */

/* Begin PBXProject section */
		F6EDC48C24C80F1800A211EF /* Project object */ = {
			isa = PBXProject;
			attributes = {
				LastSwiftUpdateCheck = 1150;
				LastUpgradeCheck = 1150;
				ORGANIZATIONNAME = yjx;
				TargetAttributes = {
					F6EDC49324C80F1800A211EF = {
						CreatedOnToolsVersion = 11.5;
					};
				};
			};
			buildConfigurationList = F6EDC48F24C80F1800A211EF /* Build configuration list for PBXProject "Piano" */;
			compatibilityVersion = "Xcode 9.3";
			developmentRegion = en;
			hasScannedForEncodings = 0;
			knownRegions = (
				en,
				Base,
			);
			mainGroup = F6EDC48B24C80F1800A211EF;
			productRefGroup = F6EDC49524C80F1800A211EF /* Products */;
			projectDirPath = "";
			projectRoot = "";
			targets = (
				F6EDC49324C80F1800A211EF /* Piano */,
			);
		};
/* End PBXProject section */

/* Begin PBXResourcesBuildPhase section */
		F6EDC49224C80F1800A211EF /* Resources */ = {
			isa = PBXResourcesBuildPhase;
			buildActionMask = 2147483647;
			files = (
				F6EDC4B724C81C1200A211EF /* G.wav in Resources */,
				F6EDC4A424C80F1A00A211EF /* LaunchScreen.storyboard in Resources */,
				F6EDC4B624C81C1200A211EF /* F.wav in Resources */,
				F6EDC4A124C80F1A00A211EF /* Assets.xcassets in Resources */,
				F6EDC4B324C81C1200A211EF /* A.wav in Resources */,
				F6EDC4B524C81C1200A211EF /* B.wav in Resources */,
				F6EDC4B824C81C1200A211EF /* E.wav in Resources */,
				F6EDC4B924C81C1200A211EF /* D.wav in Resources */,
				F6EDC49F24C80F1800A211EF /* Main.storyboard in Resources */,
				F6EDC4B424C81C1200A211EF /* C.wav in Resources */,
			);
			runOnlyForDeploymentPostprocessing = 0;
		};
/* End PBXResourcesBuildPhase section */

/* Begin PBXSourcesBuildPhase section */
		F6EDC49024C80F1800A211EF /* Sources */ = {
			isa = PBXSourcesBuildPhase;
			buildActionMask = 2147483647;
			files = (
				F6EDC49C24C80F1800A211EF /* ViewController.swift in Sources */,
				F6EDC49824C80F1800A211EF /* AppDelegate.swift in Sources */,
				F6EDC49A24C80F1800A211EF /* SceneDelegate.swift in Sources */,
			);
			runOnlyForDeploymentPostprocessing = 0;
		};
/* End PBXSourcesBuildPhase section */

/* Begin PBXVariantGroup section */
		F6EDC49D24C80F1800A211EF /* Main.storyboard */ = {
			isa = PBXVariantGroup;
			children = (
				F6EDC49E24C80F1800A211EF /* Base */,
			);
			name = Main.storyboard;
			sourceTree = "<group>";
		};
		F6EDC4A224C80F1A00A211EF /* LaunchScreen.storyboard */ = {
			isa = PBXVariantGroup;
			children = (
				F6EDC4A324C80F1A00A211EF /* Base */,
			);
			name = LaunchScreen.storyboard;
			sourceTree = "<group>";
		};
/* End PBXVariantGroup section */

/* Begin XCBuildConfiguration section */
		F6EDC4A624C80F1A00A211EF /* Debug */ = {
			isa = XCBuildConfiguration;
			buildSettings = {
				ALWAYS_SEARCH_USER_PATHS = NO;
				CLANG_ANALYZER_NONNULL = YES;
				CLANG_ANALYZER_NUMBER_OBJECT_CONVERSION = YES_AGGRESSIVE;
				CLANG_CXX_LANGUAGE_STANDARD = "gnu++14";
				CLANG_CXX_LIBRARY = "libc++";
				CLANG_ENABLE_MODULES = YES;
				CLANG_ENABLE_OBJC_ARC = YES;
				CLANG_ENABLE_OBJC_WEAK = YES;
				CLANG_WARN_BLOCK_CAPTURE_AUTORELEASING = YES;
				CLANG_WARN_BOOL_CONVERSION = YES;
				CLANG_WARN_COMMA = YES;
				CLANG_WARN_CONSTANT_CONVERSION = YES;
				CLANG_WARN_DEPRECATED_OBJC_IMPLEMENTATIONS = YES;
				CLANG_WARN_DIRECT_OBJC_ISA_USAGE = YES_ERROR;
				CLANG_WARN_DOCUMENTATION_COMMENTS = YES;
				CLANG_WARN_EMPTY_BODY = YES;
				CLANG_WARN_ENUM_CONVERSION = YES;
				CLANG_WARN_INFINITE_RECURSION = YES;
				CLANG_WARN_INT_CONVERSION = YES;
				CLANG_WARN_NON_LITERAL_NULL_CONVERSION = YES;
				CLANG_WARN_OBJC_IMPLICIT_RETAIN_SELF = YES;
				CLANG_WARN_OBJC_LITERAL_CONVERSION = YES;
				CLANG_WARN_OBJC_ROOT_CLASS = YES_ERROR;
				CLANG_WARN_RANGE_LOOP_ANALYSIS = YES;
				CLANG_WARN_STRICT_PROTOTYPES = YES;
				CLANG_WARN_SUSPICIOUS_MOVE = YES;
				CLANG_WARN_UNGUARDED_AVAILABILITY = YES_AGGRESSIVE;
				CLANG_WARN_UNREACHABLE_CODE = YES;
				CLANG_WARN__DUPLICATE_METHOD_MATCH = YES;
				COPY_PHASE_STRIP = NO;
				DEBUG_INFORMATION_FORMAT = dwarf;
				ENABLE_STRICT_OBJC_MSGSEND = YES;
				ENABLE_TESTABILITY = YES;
				GCC_C_LANGUAGE_STANDARD = gnu11;
				GCC_DYNAMIC_NO_PIC = NO;
				GCC_NO_COMMON_BLOCKS = YES;
				GCC_OPTIMIZATION_LEVEL = 0;
				GCC_PREPROCESSOR_DEFINITIONS = (
					"DEBUG=1",
					"$(inherited)",
				);
				GCC_WARN_64_TO_32_BIT_CONVERSION = YES;
				GCC_WARN_ABOUT_RETURN_TYPE = YES_ERROR;
				GCC_WARN_UNDECLARED_SELECTOR = YES;
				GCC_WARN_UNINITIALIZED_AUTOS = YES_AGGRESSIVE;
				GCC_WARN_UNUSED_FUNCTION = YES;
				GCC_WARN_UNUSED_VARIABLE = YES;
				IPHONEOS_DEPLOYMENT_TARGET = 13.5;
				MTL_ENABLE_DEBUG_INFO = INCLUDE_SOURCE;
				MTL_FAST_MATH = YES;
				ONLY_ACTIVE_ARCH = YES;
				SDKROOT = iphoneos;
				SWIFT_ACTIVE_COMPILATION_CONDITIONS = DEBUG;
				SWIFT_OPTIMIZATION_LEVEL = "-Onone";
			};
			name = Debug;
		};
		F6EDC4A724C80F1A00A211EF /* Release */ = {
			isa = XCBuildConfiguration;
			buildSettings = {
				ALWAYS_SEARCH_USER_PATHS = NO;
				CLANG_ANALYZER_NONNULL = YES;
				CLANG_ANALYZER_NUMBER_OBJECT_CONVERSION = YES_AGGRESSIVE;
				CLANG_CXX_LANGUAGE_STANDARD = "gnu++14";
				CLANG_CXX_LIBRARY = "libc++";
				CLANG_ENABLE_MODULES = YES;
				CLANG_ENABLE_OBJC_ARC = YES;
				CLANG_ENABLE_OBJC_WEAK = YES;
				CLANG_WARN_BLOCK_CAPTURE_AUTORELEASING = YES;
				CLANG_WARN_BOOL_CONVERSION = YES;
				CLANG_WARN_COMMA = YES;
				CLANG_WARN_CONSTANT_CONVERSION = YES;
				CLANG_WARN_DEPRECATED_OBJC_IMPLEMENTATIONS = YES;
				CLANG_WARN_DIRECT_OBJC_ISA_USAGE = YES_ERROR;
				CLANG_WARN_DOCUMENTATION_COMMENTS = YES;
				CLANG_WARN_EMPTY_BODY = YES;
				CLANG_WARN_ENUM_CONVERSION = YES;
				CLANG_WARN_INFINITE_RECURSION = YES;
				CLANG_WARN_INT_CONVERSION = YES;
				CLANG_WARN_NON_LITERAL_NULL_CONVERSION = YES;
				CLANG_WARN_OBJC_IMPLICIT_RETAIN_SELF = YES;
				CLANG_WARN_OBJC_LITERAL_CONVERSION = YES;
				CLANG_WARN_OBJC_ROOT_CLASS = YES_ERROR;
				CLANG_WARN_RANGE_LOOP_ANALYSIS = YES;
				CLANG_WARN_STRICT_PROTOTYPES = YES;
				CLANG_WARN_SUSPICIOUS_MOVE = YES;
				CLANG_WARN_UNGUARDED_AVAILABILITY = YES_AGGRESSIVE;
				CLANG_WARN_UNREACHABLE_CODE = YES;
				CLANG_WARN__DUPLICATE_METHOD_MATCH = YES;
				COPY_PHASE_STRIP = NO;
				DEBUG_INFORMATION_FORMAT = "dwarf-with-dsym";
				ENABLE_NS_ASSERTIONS = NO;
				ENABLE_STRICT_OBJC_MSGSEND = YES;
				GCC_C_LANGUAGE_STANDARD = gnu11;
				GCC_NO_COMMON_BLOCKS = YES;
				GCC_WARN_64_TO_32_BIT_CONVERSION = YES;
				GCC_WARN_ABOUT_RETURN_TYPE = YES_ERROR;
				GCC_WARN_UNDECLARED_SELECTOR = YES;
				GCC_WARN_UNINITIALIZED_AUTOS = YES_AGGRESSIVE;
				GCC_WARN_UNUSED_FUNCTION = YES;
				GCC_WARN_UNUSED_VARIABLE = YES;
				IPHONEOS_DEPLOYMENT_TARGET = 13.5;
				MTL_ENABLE_DEBUG_INFO = NO;
				MTL_FAST_MATH = YES;
				SDKROOT = iphoneos;
				SWIFT_COMPILATION_MODE = wholemodule;
				SWIFT_OPTIMIZATION_LEVEL = "-O";
				VALIDATE_PRODUCT = YES;
			};
			name = Release;
		};
		F6EDC4A924C80F1A00A211EF /* Debug */ = {
			isa = XCBuildConfiguration;
			buildSettings = {
				ASSETCATALOG_COMPILER_APPICON_NAME = AppIcon;
				CODE_SIGN_STYLE = Automatic;
				DEVELOPMENT_TEAM = 4YTK46QBW5;
				INFOPLIST_FILE = Piano/Info.plist;
				LD_RUNPATH_SEARCH_PATHS = (
					"$(inherited)",
					"@executable_path/Frameworks",
				);
				PRODUCT_BUNDLE_IDENTIFIER = com.yjx.Piano;
				PRODUCT_NAME = "$(TARGET_NAME)";
				SWIFT_VERSION = 5.0;
				TARGETED_DEVICE_FAMILY = "1,2";
			};
			name = Debug;
		};
		F6EDC4AA24C80F1A00A211EF /* Release */ = {
			isa = XCBuildConfiguration;
			buildSettings = {
				ASSETCATALOG_COMPILER_APPICON_NAME = AppIcon;
				CODE_SIGN_STYLE = Automatic;
				DEVELOPMENT_TEAM = 4YTK46QBW5;
				INFOPLIST_FILE = Piano/Info.plist;
				LD_RUNPATH_SEARCH_PATHS = (
					"$(inherited)",
					"@executable_path/Frameworks",
				);
				PRODUCT_BUNDLE_IDENTIFIER = com.yjx.Piano;
				PRODUCT_NAME = "$(TARGET_NAME)";
				SWIFT_VERSION = 5.0;
				TARGETED_DEVICE_FAMILY = "1,2";
			};
			name = Release;
		};
/* End XCBuildConfiguration section */

/* Begin XCConfigurationList section */
		F6EDC48F24C80F1800A211EF /* Build configuration list for PBXProject "Piano" */ = {
			isa = XCConfigurationList;
			buildConfigurations = (
				F6EDC4A624C80F1A00A211EF /* Debug */,
				F6EDC4A724C80F1A00A211EF /* Release */,
			);
			defaultConfigurationIsVisible = 0;
			defaultConfigurationName = Release;
		};
		F6EDC4A824C80F1A00A211EF /* Build configuration list for PBXNativeTarget "Piano" */ = {
			isa = XCConfigurationList;
			buildConfigurations = (
				F6EDC4A924C80F1A00A211EF /* Debug */,
				F6EDC4AA24C80F1A00A211EF /* Release */,
			);
			defaultConfigurationIsVisible = 0;
			defaultConfigurationName = Release;
		};
/* End XCConfigurationList section */
	};
	rootObject = F6EDC48C24C80F1800A211EF /* Project object */;
}
